
Microsoft Visual Studio Solution File, Format Version 12.00
# Visual Studio Version 16
VisualStudioVersion = 16.0.33130.400
MinimumVisualStudioVersion = 10.0.40219.1
Project("{FAE04EC0-301F-11D3-BF4B-00C04F79EFBC}") = "CM_21", "CM_21\CM_21.csproj", "{DAD8BB5E-E7F1-4D5A-8428-AD2AF376CC44}"
EndProject
Global
	GlobalSection(SolutionConfigurationPlatforms) = preSolution
		Debug|Any CPU = Debug|Any CPU
		Release|Any CPU = Release|Any CPU
	EndGlobalSection
	GlobalSection(ProjectConfigurationPlatforms) = postSolution
		{DAD8BB5E-E7F1-4D5A-8428-AD2AF376CC44}.Debug|Any CPU.ActiveCfg = Debug|Any CPU
		{DAD8BB5E-E7F1-4D5A-8428-AD2AF376CC44}.Debug|Any CPU.Build.0 = Debug|Any CPU
		{DAD8BB5E-E7F1-4D5A-8428-AD2AF376CC44}.Release|Any CPU.ActiveCfg = Release|Any CPU
		{DAD8BB5E-E7F1-4D5A-8428-AD2AF376CC44}.Release|Any CPU.Build.0 = Release|Any CPU
	EndGlobalSection
	GlobalSection(SolutionProperties) = preSolution
		HideSolutionNode = FALSE
	EndGlobalSection
	GlobalSection(ExtensibilityGlobals) = postSolution
		SolutionGuid = {6DE04D90-9A7C-492C-9758-7C7D6D27943A}
	EndGlobalSection
EndGlobal
